
Microsoft Visual Studio Solution File, Format Version 12.00
# Visual Studio Version 16
VisualStudioVersion = 16.0.30621.155
MinimumVisualStudioVersion = 10.0.40219.1
Project("{FAE04EC0-301F-11D3-BF4B-00C04F79EFBC}") = "TriangoliMetodi", "TriangoliMetodi\TriangoliMetodi.csproj", "{4A68D370-A0C7-4C25-A21C-F1AA1DA1AAD3}"
EndProject
Project("{FAE04EC0-301F-11D3-BF4B-00C04F79EFBC}") = "LibreriaTriangoli", "LibreriaTriangoli\LibreriaTriangoli.csproj", "{F6C71CF8-C533-44C1-8376-D2A730B735A9}"
EndProject
Global
	GlobalSection(SolutionConfigurationPlatforms) = preSolution
		Debug|Any CPU = Debug|Any CPU
		Release|Any CPU = Release|Any CPU
	EndGlobalSection
	GlobalSection(ProjectConfigurationPlatforms) = postSolution
		{4A68D370-A0C7-4C25-A21C-F1AA1DA1AAD3}.Debug|Any CPU.ActiveCfg = Debug|Any CPU
		{4A68D370-A0C7-4C25-A21C-F1AA1DA1AAD3}.Debug|Any CPU.Build.0 = Debug|Any CPU
		{4A68D370-A0C7-4C25-A21C-F1AA1DA1AAD3}.Release|Any CPU.ActiveCfg = Release|Any CPU
		{4A68D370-A0C7-4C25-A21C-F1AA1DA1AAD3}.Release|Any CPU.Build.0 = Release|Any CPU
		{F6C71CF8-C533-44C1-8376-D2A730B735A9}.Debug|Any CPU.ActiveCfg = Debug|Any CPU
		{F6C71CF8-C533-44C1-8376-D2A730B735A9}.Debug|Any CPU.Build.0 = Debug|Any CPU
		{F6C71CF8-C533-44C1-8376-D2A730B735A9}.Release|Any CPU.ActiveCfg = Release|Any CPU
		{F6C71CF8-C533-44C1-8376-D2A730B735A9}.Release|Any CPU.Build.0 = Release|Any CPU
	EndGlobalSection
	GlobalSection(SolutionProperties) = preSolution
		HideSolutionNode = FALSE
	EndGlobalSection
	GlobalSection(ExtensibilityGlobals) = postSolution
		SolutionGuid = {1FF473A4-003A-49E9-B852-A918A50BF850}
	EndGlobalSection
EndGlobal
